
Microsoft Visual Studio Solution File, Format Version 12.00
# Visual Studio Version 17
VisualStudioVersion = 17.4.33403.182
MinimumVisualStudioVersion = 10.0.40219.1
Project("{FAE04EC0-301F-11D3-BF4B-00C04F79EFBC}") = "SumTwoStrings", "SumTwoStrings\SumTwoStrings.csproj", "{1BAA6FF9-1405-45F9-9672-276EB09EE0D8}"
EndProject
Global
	GlobalSection(SolutionConfigurationPlatforms) = preSolution
		Debug|Any CPU = Debug|Any CPU
		Release|Any CPU = Release|Any CPU
	EndGlobalSection
	GlobalSection(ProjectConfigurationPlatforms) = postSolution
		{1BAA6FF9-1405-45F9-9672-276EB09EE0D8}.Debug|Any CPU.ActiveCfg = Debug|Any CPU
		{1BAA6FF9-1405-45F9-9672-276EB09EE0D8}.Debug|Any CPU.Build.0 = Debug|Any CPU
		{1BAA6FF9-1405-45F9-9672-276EB09EE0D8}.Release|Any CPU.ActiveCfg = Release|Any CPU
		{1BAA6FF9-1405-45F9-9672-276EB09EE0D8}.Release|Any CPU.Build.0 = Release|Any CPU
	EndGlobalSection
	GlobalSection(SolutionProperties) = preSolution
		HideSolutionNode = FALSE
	EndGlobalSection
	GlobalSection(ExtensibilityGlobals) = postSolution
		SolutionGuid = {FC490583-44CF-4422-A3C8-F4E039A724E2}
	EndGlobalSection
EndGlobal
